
Microsoft Visual Studio Solution File, Format Version 12.00
# Visual Studio 15
VisualStudioVersion = 15.0.28307.902
MinimumVisualStudioVersion = 10.0.40219.1
Project("{FAE04EC0-301F-11D3-BF4B-00C04F79EFBC}") = "Quiz", "Quiz\Quiz.csproj", "{C18D046D-14E6-486C-A949-BACD2211BDC6}"
EndProject
Global
	GlobalSection(SolutionConfigurationPlatforms) = preSolution
		Debug|Any CPU = Debug|Any CPU
		Release|Any CPU = Release|Any CPU
	EndGlobalSection
	GlobalSection(ProjectConfigurationPlatforms) = postSolution
		{C18D046D-14E6-486C-A949-BACD2211BDC6}.Debug|Any CPU.ActiveCfg = Debug|Any CPU
		{C18D046D-14E6-486C-A949-BACD2211BDC6}.Debug|Any CPU.Build.0 = Debug|Any CPU
		{C18D046D-14E6-486C-A949-BACD2211BDC6}.Release|Any CPU.ActiveCfg = Release|Any CPU
		{C18D046D-14E6-486C-A949-BACD2211BDC6}.Release|Any CPU.Build.0 = Release|Any CPU
	EndGlobalSection
	GlobalSection(SolutionProperties) = preSolution
		HideSolutionNode = FALSE
	EndGlobalSection
	GlobalSection(ExtensibilityGlobals) = postSolution
		SolutionGuid = {35A25EE7-2481-4753-B152-E48088A8C8CF}
	EndGlobalSection
EndGlobal
